
Microsoft Visual Studio Solution File, Format Version 12.00
# Visual Studio Version 17
VisualStudioVersion = 17.6.33829.357
MinimumVisualStudioVersion = 10.0.40219.1
Project("{2150E333-8FDC-42A3-9474-1A3956D46DE8}") = "src", "src", "{4E8FE049-6D50-4958-ADBF-8DC3BD7C9591}"
EndProject
Project("{2150E333-8FDC-42A3-9474-1A3956D46DE8}") = "Api", "Api", "{CEB882C0-98FD-47E4-82A3-939DCE49D901}"
EndProject
Project("{2150E333-8FDC-42A3-9474-1A3956D46DE8}") = "Clients", "Clients", "{CE4942B9-8B00-49CC-B77B-9B7C04448082}"
EndProject
Project("{2150E333-8FDC-42A3-9474-1A3956D46DE8}") = "Common", "Common", "{1BED3792-4DA8-4C2C-85D8-F99125162910}"
EndProject
Project("{2150E333-8FDC-42A3-9474-1A3956D46DE8}") = "Projections", "Projections", "{0CB19153-4D1F-44CB-A8FC-C64237983D4D}"
EndProject
Project("{2150E333-8FDC-42A3-9474-1A3956D46DE8}") = "Core", "Core", "{EA6F57D0-A04D-4115-A8C5-F45A6C78618E}"
EndProject
Project("{2150E333-8FDC-42A3-9474-1A3956D46DE8}") = "Infrastructure", "Infrastructure", "{0032FE88-3011-4875-8BFC-DD4C2DC7A00C}"
EndProject
Project("{2150E333-8FDC-42A3-9474-1A3956D46DE8}") = "WebApi", "WebApi", "{F0764281-0462-4BF7-BA3E-066B85D50276}"
EndProject
Project("{2150E333-8FDC-42A3-9474-1A3956D46DE8}") = "BlazorWeb", "BlazorWeb", "{28EE5F87-E125-4B1C-B8A4-B8C98B333DDF}"
EndProject
Project("{9A19103F-16F7-4668-BE54-9A1E7A4F7556}") = "EksiSozluk.Common", "src\Common\EksiSozluk.Common\EksiSozluk.Common.csproj", "{6DB840A1-C61B-41C5-8BDD-909A5C40C19F}"
EndProject
Project("{9A19103F-16F7-4668-BE54-9A1E7A4F7556}") = "EksİSozluk.Domain", "src\Api\Core\EksİSozluk.Domain\EksİSozluk.Domain.csproj", "{5BC3F082-D649-4217-B585-A3D44E7DC2E6}"
EndProject
Project("{9A19103F-16F7-4668-BE54-9A1E7A4F7556}") = "EksiSozluk.Api.Application", "src\Api\Core\EksiSozluk.Api.Application\EksiSozluk.Api.Application.csproj", "{2A22154C-86F2-4CAD-BAB7-E79D22A6CC88}"
EndProject
Project("{9A19103F-16F7-4668-BE54-9A1E7A4F7556}") = "EksiSozluk.Infrastructure.Persistance", "src\Api\Infrastructure\EksiSozluk.Infrastructure.Persistance\EksiSozluk.Infrastructure.Persistance.csproj", "{799B487C-0DD8-4B8C-A65E-E418579FD7AD}"
EndProject
Project("{9A19103F-16F7-4668-BE54-9A1E7A4F7556}") = "EksiSozluk.Api.WebApi", "src\Api\WebApi\EksiSozluk.Api.WebApi\EksiSozluk.Api.WebApi.csproj", "{2CF50CFB-2B5F-4ACC-9494-62FE9AC0596D}"
EndProject
Project("{9A19103F-16F7-4668-BE54-9A1E7A4F7556}") = "EksiSozluk.Projections.FavoriteService", "src\Projections\EksiSozluk.Projections.FavoriteService\EksiSozluk.Projections.FavoriteService.csproj", "{291A7D36-59DA-40A0-89C4-D8BF84993E26}"
EndProject
Project("{9A19103F-16F7-4668-BE54-9A1E7A4F7556}") = "EksiSozluk.Projections.VoteService", "src\Projections\EksiSozluk.Projections.VoteService\EksiSozluk.Projections.VoteService.csproj", "{0913EAF6-8D70-4F30-9983-CB388F0D5115}"
EndProject
Project("{9A19103F-16F7-4668-BE54-9A1E7A4F7556}") = "EksiSozluk.WebApp", "src\Clients\BlazorWeb\EksiSozluk.WebApp\EksiSozluk.WebApp.csproj", "{4E2D49B9-CB4F-46D0-8042-09F4F16FC369}"
EndProject
Project("{9A19103F-16F7-4668-BE54-9A1E7A4F7556}") = "UserService", "src\Projections\UserService\UserService\UserService.csproj", "{40A3A499-1793-4B9C-877E-FF9B19520286}"
EndProject
Global
	GlobalSection(SolutionConfigurationPlatforms) = preSolution
		Debug|Any CPU = Debug|Any CPU
		Release|Any CPU = Release|Any CPU
	EndGlobalSection
	GlobalSection(ProjectConfigurationPlatforms) = postSolution
		{6DB840A1-C61B-41C5-8BDD-909A5C40C19F}.Debug|Any CPU.ActiveCfg = Debug|Any CPU
		{6DB840A1-C61B-41C5-8BDD-909A5C40C19F}.Debug|Any CPU.Build.0 = Debug|Any CPU
		{6DB840A1-C61B-41C5-8BDD-909A5C40C19F}.Release|Any CPU.ActiveCfg = Release|Any CPU
		{6DB840A1-C61B-41C5-8BDD-909A5C40C19F}.Release|Any CPU.Build.0 = Release|Any CPU
		{5BC3F082-D649-4217-B585-A3D44E7DC2E6}.Debug|Any CPU.ActiveCfg = Debug|Any CPU
		{5BC3F082-D649-4217-B585-A3D44E7DC2E6}.Debug|Any CPU.Build.0 = Debug|Any CPU
		{5BC3F082-D649-4217-B585-A3D44E7DC2E6}.Release|Any CPU.ActiveCfg = Release|Any CPU
		{5BC3F082-D649-4217-B585-A3D44E7DC2E6}.Release|Any CPU.Build.0 = Release|Any CPU
		{2A22154C-86F2-4CAD-BAB7-E79D22A6CC88}.Debug|Any CPU.ActiveCfg = Debug|Any CPU
		{2A22154C-86F2-4CAD-BAB7-E79D22A6CC88}.Debug|Any CPU.Build.0 = Debug|Any CPU
		{2A22154C-86F2-4CAD-BAB7-E79D22A6CC88}.Release|Any CPU.ActiveCfg = Release|Any CPU
		{2A22154C-86F2-4CAD-BAB7-E79D22A6CC88}.Release|Any CPU.Build.0 = Release|Any CPU
		{799B487C-0DD8-4B8C-A65E-E418579FD7AD}.Debug|Any CPU.ActiveCfg = Debug|Any CPU
		{799B487C-0DD8-4B8C-A65E-E418579FD7AD}.Debug|Any CPU.Build.0 = Debug|Any CPU
		{799B487C-0DD8-4B8C-A65E-E418579FD7AD}.Release|Any CPU.ActiveCfg = Release|Any CPU
		{799B487C-0DD8-4B8C-A65E-E418579FD7AD}.Release|Any CPU.Build.0 = Release|Any CPU
		{2CF50CFB-2B5F-4ACC-9494-62FE9AC0596D}.Debug|Any CPU.ActiveCfg = Debug|Any CPU
		{2CF50CFB-2B5F-4ACC-9494-62FE9AC0596D}.Debug|Any CPU.Build.0 = Debug|Any CPU
		{2CF50CFB-2B5F-4ACC-9494-62FE9AC0596D}.Release|Any CPU.ActiveCfg = Release|Any CPU
		{2CF50CFB-2B5F-4ACC-9494-62FE9AC0596D}.Release|Any CPU.Build.0 = Release|Any CPU
		{291A7D36-59DA-40A0-89C4-D8BF84993E26}.Debug|Any CPU.ActiveCfg = Debug|Any CPU
		{291A7D36-59DA-40A0-89C4-D8BF84993E26}.Debug|Any CPU.Build.0 = Debug|Any CPU
		{291A7D36-59DA-40A0-89C4-D8BF84993E26}.Release|Any CPU.ActiveCfg = Release|Any CPU
		{291A7D36-59DA-40A0-89C4-D8BF84993E26}.Release|Any CPU.Build.0 = Release|Any CPU
		{0913EAF6-8D70-4F30-9983-CB388F0D5115}.Debug|Any CPU.ActiveCfg = Debug|Any CPU
		{0913EAF6-8D70-4F30-9983-CB388F0D5115}.Debug|Any CPU.Build.0 = Debug|Any CPU
		{0913EAF6-8D70-4F30-9983-CB388F0D5115}.Release|Any CPU.ActiveCfg = Release|Any CPU
		{0913EAF6-8D70-4F30-9983-CB388F0D5115}.Release|Any CPU.Build.0 = Release|Any CPU
		{4E2D49B9-CB4F-46D0-8042-09F4F16FC369}.Debug|Any CPU.ActiveCfg = Debug|Any CPU
		{4E2D49B9-CB4F-46D0-8042-09F4F16FC369}.Debug|Any CPU.Build.0 = Debug|Any CPU
		{4E2D49B9-CB4F-46D0-8042-09F4F16FC369}.Release|Any CPU.ActiveCfg = Release|Any CPU
		{4E2D49B9-CB4F-46D0-8042-09F4F16FC369}.Release|Any CPU.Build.0 = Release|Any CPU
		{40A3A499-1793-4B9C-877E-FF9B19520286}.Debug|Any CPU.ActiveCfg = Debug|Any CPU
		{40A3A499-1793-4B9C-877E-FF9B19520286}.Debug|Any CPU.Build.0 = Debug|Any CPU
		{40A3A499-1793-4B9C-877E-FF9B19520286}.Release|Any CPU.ActiveCfg = Release|Any CPU
		{40A3A499-1793-4B9C-877E-FF9B19520286}.Release|Any CPU.Build.0 = Release|Any CPU
	EndGlobalSection
	GlobalSection(SolutionProperties) = preSolution
		HideSolutionNode = FALSE
	EndGlobalSection
	GlobalSection(NestedProjects) = preSolution
		{CEB882C0-98FD-47E4-82A3-939DCE49D901} = {4E8FE049-6D50-4958-ADBF-8DC3BD7C9591}
		{CE4942B9-8B00-49CC-B77B-9B7C04448082} = {4E8FE049-6D50-4958-ADBF-8DC3BD7C9591}
		{1BED3792-4DA8-4C2C-85D8-F99125162910} = {4E8FE049-6D50-4958-ADBF-8DC3BD7C9591}
		{0CB19153-4D1F-44CB-A8FC-C64237983D4D} = {4E8FE049-6D50-4958-ADBF-8DC3BD7C9591}
		{EA6F57D0-A04D-4115-A8C5-F45A6C78618E} = {CEB882C0-98FD-47E4-82A3-939DCE49D901}
		{0032FE88-3011-4875-8BFC-DD4C2DC7A00C} = {CEB882C0-98FD-47E4-82A3-939DCE49D901}
		{F0764281-0462-4BF7-BA3E-066B85D50276} = {CEB882C0-98FD-47E4-82A3-939DCE49D901}
		{28EE5F87-E125-4B1C-B8A4-B8C98B333DDF} = {CE4942B9-8B00-49CC-B77B-9B7C04448082}
		{6DB840A1-C61B-41C5-8BDD-909A5C40C19F} = {1BED3792-4DA8-4C2C-85D8-F99125162910}
		{5BC3F082-D649-4217-B585-A3D44E7DC2E6} = {EA6F57D0-A04D-4115-A8C5-F45A6C78618E}
		{2A22154C-86F2-4CAD-BAB7-E79D22A6CC88} = {EA6F57D0-A04D-4115-A8C5-F45A6C78618E}
		{799B487C-0DD8-4B8C-A65E-E418579FD7AD} = {0032FE88-3011-4875-8BFC-DD4C2DC7A00C}
		{2CF50CFB-2B5F-4ACC-9494-62FE9AC0596D} = {F0764281-0462-4BF7-BA3E-066B85D50276}
		{291A7D36-59DA-40A0-89C4-D8BF84993E26} = {0CB19153-4D1F-44CB-A8FC-C64237983D4D}
		{0913EAF6-8D70-4F30-9983-CB388F0D5115} = {0CB19153-4D1F-44CB-A8FC-C64237983D4D}
		{4E2D49B9-CB4F-46D0-8042-09F4F16FC369} = {28EE5F87-E125-4B1C-B8A4-B8C98B333DDF}
		{40A3A499-1793-4B9C-877E-FF9B19520286} = {0CB19153-4D1F-44CB-A8FC-C64237983D4D}
	EndGlobalSection
	GlobalSection(ExtensibilityGlobals) = postSolution
		SolutionGuid = {6A01F529-E400-4ECA-8D87-01585A73CFD8}
	EndGlobalSection
EndGlobal
